PODS:
  - BookShop (0.1.2):
    - CTMediator
    - MotivationalBook (= 0.1.6)
  - CTMediator (46)
  - MotivationalBook (0.1.6)

DEPENDENCIES:
  - BookShop (from `../`)

SPEC REPOS:
  https://github.com/wenchao8023/CwenSpec.git:
    - MotivationalBook
  https://mirrors.tuna.tsinghua.edu.cn/git/CocoaPods/Specs.git:
    - CTMediator

EXTERNAL SOURCES:
  BookShop:
    :path: "../"

SPEC CHECKSUMS:
  BookShop: 6a748005d14efb40fdf97e0c67e9bde123571012
  CTMediator: f1cf58d509fb3192086c367711f039efd769b907
  MotivationalBook: 2450a2fd68a7c90662826b2d1e87ab89a2631a30

PODFILE CHECKSUM: 136d4acd95176cfe07dfe96886c31f6a8a2c41f6

COCOAPODS: 1.10.1
