PODS:
  - BookShop (0.1.0)
  - CTMediator (46)
  - ManagerBook (0.1.2)
  - MotivationalBook (0.1.1)

DEPENDENCIES:
  - BookShop (from `../`)
  - CTMediator
  - ManagerBook (~> 0.1.0)
  - MotivationalBook (~> 0.1.0)

SPEC REPOS:
  https://github.com/wenchao8023/CwenSpec.git:
    - ManagerBook
    - MotivationalBook
  https://mirrors.tuna.tsinghua.edu.cn/git/CocoaPods/Specs.git:
    - CTMediator

EXTERNAL SOURCES:
  BookShop:
    :path: "../"

SPEC CHECKSUMS:
  BookShop: bde4364a480162950d9d2f523249f0bc9f420a72
  CTMediator: f1cf58d509fb3192086c367711f039efd769b907
  ManagerBook: 67becb73e54281fbe2e8522ce7658dc4d99b1e21
  MotivationalBook: dcd97b0155ff71fb893293c2aab0fdd949ed92f1

PODFILE CHECKSUM: 1bda5bc6b92a3827aa8c68b6bdd994007d9587d4

COCOAPODS: 1.10.1
